
Microsoft Visual Studio Solution File, Format Version 12.00
# Visual Studio Version 17
VisualStudioVersion = 17.4.33122.133
MinimumVisualStudioVersion = 10.0.40219.1
Project("{9A19103F-16F7-4668-BE54-9A1E7A4F7556}") = "NLayer.Core", "NLayer.Core\NLayer.Core.csproj", "{EC450864-1533-409D-BC26-8EA552AF9446}"
EndProject
Project("{9A19103F-16F7-4668-BE54-9A1E7A4F7556}") = "NLayer.Repository", "NLayer.Repository\NLayer.Repository.csproj", "{8088CA88-7387-4E89-B050-ACE3FE7B5EBF}"
EndProject
Project("{FAE04EC0-301F-11D3-BF4B-00C04F79EFBC}") = "NLayar.Service", "NLayar.Service\NLayar.Service.csproj", "{FAB045CD-9EB6-43AE-9E86-6B6FCCA608B4}"
EndProject
Global
	GlobalSection(SolutionConfigurationPlatforms) = preSolution
		Debug|Any CPU = Debug|Any CPU
		Release|Any CPU = Release|Any CPU
	EndGlobalSection
	GlobalSection(ProjectConfigurationPlatforms) = postSolution
		{EC450864-1533-409D-BC26-8EA552AF9446}.Debug|Any CPU.ActiveCfg = Debug|Any CPU
		{EC450864-1533-409D-BC26-8EA552AF9446}.Debug|Any CPU.Build.0 = Debug|Any CPU
		{EC450864-1533-409D-BC26-8EA552AF9446}.Release|Any CPU.ActiveCfg = Release|Any CPU
		{EC450864-1533-409D-BC26-8EA552AF9446}.Release|Any CPU.Build.0 = Release|Any CPU
		{8088CA88-7387-4E89-B050-ACE3FE7B5EBF}.Debug|Any CPU.ActiveCfg = Debug|Any CPU
		{8088CA88-7387-4E89-B050-ACE3FE7B5EBF}.Debug|Any CPU.Build.0 = Debug|Any CPU
		{8088CA88-7387-4E89-B050-ACE3FE7B5EBF}.Release|Any CPU.ActiveCfg = Release|Any CPU
		{8088CA88-7387-4E89-B050-ACE3FE7B5EBF}.Release|Any CPU.Build.0 = Release|Any CPU
		{FAB045CD-9EB6-43AE-9E86-6B6FCCA608B4}.Debug|Any CPU.ActiveCfg = Debug|Any CPU
		{FAB045CD-9EB6-43AE-9E86-6B6FCCA608B4}.Debug|Any CPU.Build.0 = Debug|Any CPU
		{FAB045CD-9EB6-43AE-9E86-6B6FCCA608B4}.Release|Any CPU.ActiveCfg = Release|Any CPU
		{FAB045CD-9EB6-43AE-9E86-6B6FCCA608B4}.Release|Any CPU.Build.0 = Release|Any CPU
	EndGlobalSection
	GlobalSection(SolutionProperties) = preSolution
		HideSolutionNode = FALSE
	EndGlobalSection
	GlobalSection(ExtensibilityGlobals) = postSolution
		SolutionGuid = {6B148288-C642-4906-85CA-AA03D5669472}
	EndGlobalSection
EndGlobal
